// !$*UTF8*$!
{
	archiveVersion = 1;
	classes = {
	};
	objectVersion = 50;
	objects = {

/* Begin PBXBuildFile section */
		529099DA25266D35004A0266 /* AppDelegate.m in Sources */ = {isa = PBXBuildFile; fileRef = 529099D925266D35004A0266 /* AppDelegate.m */; };
		529099DD25266D35004A0266 /* SceneDelegate.m in Sources */ = {isa = PBXBuildFile; fileRef = 529099DC25266D35004A0266 /* SceneDelegate.m */; };
		529099E025266D35004A0266 /* GameViewController.m in Sources */ = {isa = PBXBuildFile; fileRef = 529099DF25266D35004A0266 /* GameViewController.m */; };
		529099E325266D35004A0266 /* Main.storyboard in Resources */ = {isa = PBXBuildFile; fileRef = 529099E125266D35004A0266 /* Main.storyboard */; };
		529099E525266D39004A0266 /* Assets.xcassets in Resources */ = {isa = PBXBuildFile; fileRef = 529099E425266D39004A0266 /* Assets.xcassets */; };
		529099E825266D39004A0266 /* LaunchScreen.storyboard in Resources */ = {isa = PBXBuildFile; fileRef = 529099E625266D39004A0266 /* LaunchScreen.storyboard */; };
		529099EB25266D39004A0266 /* main.m in Sources */ = {isa = PBXBuildFile; fileRef = 529099EA25266D39004A0266 /* main.m */; };
/* End PBXBuildFile section */

/* Begin PBXFileReference section */
		529099D525266D35004A0266 /* pingpong.app */ = {isa = PBXFileReference; explicitFileType = wrapper.application; includeInIndex = 0; path = pingpong.app; sourceTree = BUILT_PRODUCTS_DIR; };
		529099D825266D35004A0266 /* AppDelegate.h */ = {isa = PBXFileReference; lastKnownFileType = sourcecode.c.h; path = AppDelegate.h; sourceTree = "<group>"; };
		529099D925266D35004A0266 /* AppDelegate.m */ = {isa = PBXFileReference; lastKnownFileType = sourcecode.c.objc; path = AppDelegate.m; sourceTree = "<group>"; };
		529099DB25266D35004A0266 /* SceneDelegate.h */ = {isa = PBXFileReference; lastKnownFileType = sourcecode.c.h; path = SceneDelegate.h; sourceTree = "<group>"; };
		529099DC25266D35004A0266 /* SceneDelegate.m */ = {isa = PBXFileReference; lastKnownFileType = sourcecode.c.objc; path = SceneDelegate.m; sourceTree = "<group>"; };
		529099DE25266D35004A0266 /* GameViewController.h */ = {isa = PBXFileReference; lastKnownFileType = sourcecode.c.h; path = GameViewController.h; sourceTree = "<group>"; };
		529099DF25266D35004A0266 /* GameViewController.m */ = {isa = PBXFileReference; lastKnownFileType = sourcecode.c.objc; path = GameViewController.m; sourceTree = "<group>"; };
		529099E225266D35004A0266 /* Base */ = {isa = PBXFileReference; lastKnownFileType = file.storyboard; name = Base; path = Base.lproj/Main.storyboard; sourceTree = "<group>"; };
		529099E425266D39004A0266 /* Assets.xcassets */ = {isa = PBXFileReference; lastKnownFileType = folder.assetcatalog; path = Assets.xcassets; sourceTree = "<group>"; };
		529099E725266D39004A0266 /* Base */ = {isa = PBXFileReference; lastKnownFileType = file.storyboard; name = Base; path = Base.lproj/LaunchScreen.storyboard; sourceTree = "<group>"; };
		529099E925266D39004A0266 /* Info.plist */ = {isa = PBXFileReference; lastKnownFileType = text.plist.xml; path = Info.plist; sourceTree = "<group>"; };
		529099EA25266D39004A0266 /* main.m */ = {isa = PBXFileReference; lastKnownFileType = sourcecode.c.objc; path = main.m; sourceTree = "<group>"; };
/* End PBXFileReference section */

/* Begin PBXFrameworksBuildPhase section */
		529099D225266D35004A0266 /* Frameworks */ = {
			isa = PBXFrameworksBuildPhase;
			buildActionMask = 2147483647;
			files = (
			);
			runOnlyForDeploymentPostprocessing = 0;
		};
/* End PBXFrameworksBuildPhase section */

/* Begin PBXGroup section */
		529099CC25266D34004A0266 = {
			isa = PBXGroup;
			children = (
				529099D725266D35004A0266 /* pingpong */,
				529099D625266D35004A0266 /* Products */,
			);
			sourceTree = "<group>";
		};
		529099D625266D35004A0266 /* Products */ = {
			isa = PBXGroup;
			children = (
				529099D525266D35004A0266 /* pingpong.app */,
			);
			name = Products;
			sourceTree = "<group>";
		};
		529099D725266D35004A0266 /* pingpong */ = {
			isa = PBXGroup;
			children = (
				529099D825266D35004A0266 /* AppDelegate.h */,
				529099D925266D35004A0266 /* AppDelegate.m */,
				529099DB25266D35004A0266 /* SceneDelegate.h */,
				529099DC25266D35004A0266 /* SceneDelegate.m */,
				529099DE25266D35004A0266 /* GameViewController.h */,
				529099DF25266D35004A0266 /* GameViewController.m */,
				529099E125266D35004A0266 /* Main.storyboard */,
				529099E425266D39004A0266 /* Assets.xcassets */,
				529099E625266D39004A0266 /* LaunchScreen.storyboard */,
				529099E925266D39004A0266 /* Info.plist */,
				529099EA25266D39004A0266 /* main.m */,
			);
			path = pingpong;
			sourceTree = "<group>";
		};
/* End PBXGroup section */

/* Begin PBXNativeTarget section */
		529099D425266D35004A0266 /* pingpong */ = {
			isa = PBXNativeTarget;
			buildConfigurationList = 529099EE25266D39004A0266 /* Build configuration list for PBXNativeTarget "pingpong" */;
			buildPhases = (
				529099D125266D35004A0266 /* Sources */,
				529099D225266D35004A0266 /* Frameworks */,
				529099D325266D35004A0266 /* Resources */,
			);
			buildRules = (
			);
			dependencies = (
			);
			name = pingpong;
			productName = pingpong;
			productReference = 529099D525266D35004A0266 /* pingpong.app */;
			productType = "com.apple.product-type.application";
		};
/* End PBXNativeTarget section */

/* Begin PBXProject section */
		529099CD25266D34004A0266 /* Project object */ = {
			isa = PBXProject;
			attributes = {
				LastUpgradeCheck = 1160;
				ORGANIZATIONNAME = "Vladislav Likhachev";
				TargetAttributes = {
					529099D425266D35004A0266 = {
						CreatedOnToolsVersion = 11.6;
					};
				};
			};
			buildConfigurationList = 529099D025266D34004A0266 /* Build configuration list for PBXProject "pingpong" */;
			compatibilityVersion = "Xcode 9.3";
			developmentRegion = en;
			hasScannedForEncodings = 0;
			knownRegions = (
				en,
				Base,
			);
			mainGroup = 529099CC25266D34004A0266;
			productRefGroup = 529099D625266D35004A0266 /* Products */;
			projectDirPath = "";
			projectRoot = "";
			targets = (
				529099D425266D35004A0266 /* pingpong */,
			);
		};
/* End PBXProject section */

/* Begin PBXResourcesBuildPhase section */
		529099D325266D35004A0266 /* Resources */ = {
			isa = PBXResourcesBuildPhase;
			buildActionMask = 2147483647;
			files = (
				529099E825266D39004A0266 /* LaunchScreen.storyboard in Resources */,
				529099E525266D39004A0266 /* Assets.xcassets in Resources */,
				529099E325266D35004A0266 /* Main.storyboard in Resources */,
			);
			runOnlyForDeploymentPostprocessing = 0;
		};
/* End PBXResourcesBuildPhase section */

/* Begin PBXSourcesBuildPhase section */
		529099D125266D35004A0266 /* Sources */ = {
			isa = PBXSourcesBuildPhase;
			buildActionMask = 2147483647;
			files = (
				529099E025266D35004A0266 /* GameViewController.m in Sources */,
				529099DA25266D35004A0266 /* AppDelegate.m in Sources */,
				529099EB25266D39004A0266 /* main.m in Sources */,
				529099DD25266D35004A0266 /* SceneDelegate.m in Sources */,
			);
			runOnlyForDeploymentPostprocessing = 0;
		};
/* End PBXSourcesBuildPhase section */

/* Begin PBXVariantGroup section */
		529099E125266D35004A0266 /* Main.storyboard */ = {
			isa = PBXVariantGroup;
			children = (
				529099E225266D35004A0266 /* Base */,
			);
			name = Main.storyboard;
			sourceTree = "<group>";
		};
		529099E625266D39004A0266 /* LaunchScreen.storyboard */ = {
			isa = PBXVariantGroup;
			children = (
				529099E725266D39004A0266 /* Base */,
			);
			name = LaunchScreen.storyboard;
			sourceTree = "<group>";
		};
/* End PBXVariantGroup section */

/* Begin XCBuildConfiguration section */
		529099EC25266D39004A0266 /* Debug */ = {
			isa = XCBuildConfiguration;
			buildSettings = {
				ALWAYS_SEARCH_USER_PATHS = NO;
				CLANG_ANALYZER_NONNULL = YES;
				CLANG_ANALYZER_NUMBER_OBJECT_CONVERSION = YES_AGGRESSIVE;
				CLANG_CXX_LANGUAGE_STANDARD = "gnu++14";
				CLANG_CXX_LIBRARY = "libc++";
				CLANG_ENABLE_MODULES = YES;
				CLANG_ENABLE_OBJC_ARC = YES;
				CLANG_ENABLE_OBJC_WEAK = YES;
				CLANG_WARN_BLOCK_CAPTURE_AUTORELEASING = YES;
				CLANG_WARN_BOOL_CONVERSION = YES;
				CLANG_WARN_COMMA = YES;
				CLANG_WARN_CONSTANT_CONVERSION = YES;
				CLANG_WARN_DEPRECATED_OBJC_IMPLEMENTATIONS = YES;
				CLANG_WARN_DIRECT_OBJC_ISA_USAGE = YES_ERROR;
				CLANG_WARN_DOCUMENTATION_COMMENTS = YES;
				CLANG_WARN_EMPTY_BODY = YES;
				CLANG_WARN_ENUM_CONVERSION = YES;
				CLANG_WARN_INFINITE_RECURSION = YES;
				CLANG_WARN_INT_CONVERSION = YES;
				CLANG_WARN_NON_LITERAL_NULL_CONVERSION = YES;
				CLANG_WARN_OBJC_IMPLICIT_RETAIN_SELF = YES;
				CLANG_WARN_OBJC_LITERAL_CONVERSION = YES;
				CLANG_WARN_OBJC_ROOT_CLASS = YES_ERROR;
				CLANG_WARN_RANGE_LOOP_ANALYSIS = YES;
				CLANG_WARN_STRICT_PROTOTYPES = YES;
				CLANG_WARN_SUSPICIOUS_MOVE = YES;
				CLANG_WARN_UNGUARDED_AVAILABILITY = YES_AGGRESSIVE;
				CLANG_WARN_UNREACHABLE_CODE = YES;
				CLANG_WARN__DUPLICATE_METHOD_MATCH = YES;
				COPY_PHASE_STRIP = NO;
				DEBUG_INFORMATION_FORMAT = dwarf;
				ENABLE_STRICT_OBJC_MSGSEND = YES;
				ENABLE_TESTABILITY = YES;
				GCC_C_LANGUAGE_STANDARD = gnu11;
				GCC_DYNAMIC_NO_PIC = NO;
				GCC_NO_COMMON_BLOCKS = YES;
				GCC_OPTIMIZATION_LEVEL = 0;
				GCC_PREPROCESSOR_DEFINITIONS = (
					"DEBUG=1",
					"$(inherited)",
				);
				GCC_WARN_64_TO_32_BIT_CONVERSION = YES;
				GCC_WARN_ABOUT_RETURN_TYPE = YES_ERROR;
				GCC_WARN_UNDECLARED_SELECTOR = YES;
				GCC_WARN_UNINITIALIZED_AUTOS = YES_AGGRESSIVE;
				GCC_WARN_UNUSED_FUNCTION = YES;
				GCC_WARN_UNUSED_VARIABLE = YES;
				IPHONEOS_DEPLOYMENT_TARGET = 13.6;
				MTL_ENABLE_DEBUG_INFO = INCLUDE_SOURCE;
				MTL_FAST_MATH = YES;
				ONLY_ACTIVE_ARCH = YES;
				SDKROOT = iphoneos;
			};
			name = Debug;
		};
		529099ED25266D39004A0266 /* Release */ = {
			isa = XCBuildConfiguration;
			buildSettings = {
				ALWAYS_SEARCH_USER_PATHS = NO;
				CLANG_ANALYZER_NONNULL = YES;
				CLANG_ANALYZER_NUMBER_OBJECT_CONVERSION = YES_AGGRESSIVE;
				CLANG_CXX_LANGUAGE_STANDARD = "gnu++14";
				CLANG_CXX_LIBRARY = "libc++";
				CLANG_ENABLE_MODULES = YES;
				CLANG_ENABLE_OBJC_ARC = YES;
				CLANG_ENABLE_OBJC_WEAK = YES;
				CLANG_WARN_BLOCK_CAPTURE_AUTORELEASING = YES;
				CLANG_WARN_BOOL_CONVERSION = YES;
				CLANG_WARN_COMMA = YES;
				CLANG_WARN_CONSTANT_CONVERSION = YES;
				CLANG_WARN_DEPRECATED_OBJC_IMPLEMENTATIONS = YES;
				CLANG_WARN_DIRECT_OBJC_ISA_USAGE = YES_ERROR;
				CLANG_WARN_DOCUMENTATION_COMMENTS = YES;
				CLANG_WARN_EMPTY_BODY = YES;
				CLANG_WARN_ENUM_CONVERSION = YES;
				CLANG_WARN_INFINITE_RECURSION = YES;
				CLANG_WARN_INT_CONVERSION = YES;
				CLANG_WARN_NON_LITERAL_NULL_CONVERSION = YES;
				CLANG_WARN_OBJC_IMPLICIT_RETAIN_SELF = YES;
				CLANG_WARN_OBJC_LITERAL_CONVERSION = YES;
				CLANG_WARN_OBJC_ROOT_CLASS = YES_ERROR;
				CLANG_WARN_RANGE_LOOP_ANALYSIS = YES;
				CLANG_WARN_STRICT_PROTOTYPES = YES;
				CLANG_WARN_SUSPICIOUS_MOVE = YES;
				CLANG_WARN_UNGUARDED_AVAILABILITY = YES_AGGRESSIVE;
				CLANG_WARN_UNREACHABLE_CODE = YES;
				CLANG_WARN__DUPLICATE_METHOD_MATCH = YES;
				COPY_PHASE_STRIP = NO;
				DEBUG_INFORMATION_FORMAT = "dwarf-with-dsym";
				ENABLE_NS_ASSERTIONS = NO;
				ENABLE_STRICT_OBJC_MSGSEND = YES;
				GCC_C_LANGUAGE_STANDARD = gnu11;
				GCC_NO_COMMON_BLOCKS = YES;
				GCC_WARN_64_TO_32_BIT_CONVERSION = YES;
				GCC_WARN_ABOUT_RETURN_TYPE = YES_ERROR;
				GCC_WARN_UNDECLARED_SELECTOR = YES;
				GCC_WARN_UNINITIALIZED_AUTOS = YES_AGGRESSIVE;
				GCC_WARN_UNUSED_FUNCTION = YES;
				GCC_WARN_UNUSED_VARIABLE = YES;
				IPHONEOS_DEPLOYMENT_TARGET = 13.6;
				MTL_ENABLE_DEBUG_INFO = NO;
				MTL_FAST_MATH = YES;
				SDKROOT = iphoneos;
				VALIDATE_PRODUCT = YES;
			};
			name = Release;
		};
		529099EF25266D39004A0266 /* Debug */ = {
			isa = XCBuildConfiguration;
			buildSettings = {
				ASSETCATALOG_COMPILER_APPICON_NAME = AppIcon;
				CODE_SIGN_STYLE = Automatic;
				DEVELOPMENT_TEAM = A9AML55U6D;
				ENABLE_STRICT_OBJC_MSGSEND = NO;
				INFOPLIST_FILE = pingpong/Info.plist;
				LD_RUNPATH_SEARCH_PATHS = (
					"$(inherited)",
					"@executable_path/Frameworks",
				);
				PRODUCT_BUNDLE_IDENTIFIER = org.vladilslavlikhachev.pingpong;
				PRODUCT_NAME = "$(TARGET_NAME)";
				TARGETED_DEVICE_FAMILY = "1,2";
			};
			name = Debug;
		};
		529099F025266D39004A0266 /* Release */ = {
			isa = XCBuildConfiguration;
			buildSettings = {
				ASSETCATALOG_COMPILER_APPICON_NAME = AppIcon;
				CODE_SIGN_STYLE = Automatic;
				DEVELOPMENT_TEAM = A9AML55U6D;
				ENABLE_STRICT_OBJC_MSGSEND = NO;
				INFOPLIST_FILE = pingpong/Info.plist;
				LD_RUNPATH_SEARCH_PATHS = (
					"$(inherited)",
					"@executable_path/Frameworks",
				);
				PRODUCT_BUNDLE_IDENTIFIER = org.vladilslavlikhachev.pingpong;
				PRODUCT_NAME = "$(TARGET_NAME)";
				TARGETED_DEVICE_FAMILY = "1,2";
			};
			name = Release;
		};
/* End XCBuildConfiguration section */

/* Begin XCConfigurationList section */
		529099D025266D34004A0266 /* Build configuration list for PBXProject "pingpong" */ = {
			isa = XCConfigurationList;
			buildConfigurations = (
				529099EC25266D39004A0266 /* Debug */,
				529099ED25266D39004A0266 /* Release */,
			);
			defaultConfigurationIsVisible = 0;
			defaultConfigurationName = Release;
		};
		529099EE25266D39004A0266 /* Build configuration list for PBXNativeTarget "pingpong" */ = {
			isa = XCConfigurationList;
			buildConfigurations = (
				529099EF25266D39004A0266 /* Debug */,
				529099F025266D39004A0266 /* Release */,
			);
			defaultConfigurationIsVisible = 0;
			defaultConfigurationName = Release;
		};
/* End XCConfigurationList section */
	};
	rootObject = 529099CD25266D34004A0266 /* Project object */;
}
